
Microsoft Visual Studio Solution File, Format Version 12.00
# Visual Studio 15
VisualStudioVersion = 15.0.27703.2026
MinimumVisualStudioVersion = 10.0.40219.1
Project("{FAE04EC0-301F-11D3-BF4B-00C04F79EFBC}") = "ManageStore", "ManageStore\ManageStore.csproj", "{545B34DF-E139-4324-8D9D-FD2915468157}"
EndProject
Project("{FAE04EC0-301F-11D3-BF4B-00C04F79EFBC}") = "ManageStore.Tests", "ManageStore.Tests\ManageStore.Tests.csproj", "{8E2BF236-4C2E-4D04-AAB1-73A9F26AADA7}"
EndProject
Global
	GlobalSection(SolutionConfigurationPlatforms) = preSolution
		Debug|Any CPU = Debug|Any CPU
		Release|Any CPU = Release|Any CPU
	EndGlobalSection
	GlobalSection(ProjectConfigurationPlatforms) = postSolution
		{545B34DF-E139-4324-8D9D-FD2915468157}.Debug|Any CPU.ActiveCfg = Debug|Any CPU
		{545B34DF-E139-4324-8D9D-FD2915468157}.Debug|Any CPU.Build.0 = Debug|Any CPU
		{545B34DF-E139-4324-8D9D-FD2915468157}.Release|Any CPU.ActiveCfg = Release|Any CPU
		{545B34DF-E139-4324-8D9D-FD2915468157}.Release|Any CPU.Build.0 = Release|Any CPU
		{8E2BF236-4C2E-4D04-AAB1-73A9F26AADA7}.Debug|Any CPU.ActiveCfg = Debug|Any CPU
		{8E2BF236-4C2E-4D04-AAB1-73A9F26AADA7}.Debug|Any CPU.Build.0 = Debug|Any CPU
		{8E2BF236-4C2E-4D04-AAB1-73A9F26AADA7}.Release|Any CPU.ActiveCfg = Release|Any CPU
		{8E2BF236-4C2E-4D04-AAB1-73A9F26AADA7}.Release|Any CPU.Build.0 = Release|Any CPU
	EndGlobalSection
	GlobalSection(SolutionProperties) = preSolution
		HideSolutionNode = FALSE
	EndGlobalSection
	GlobalSection(ExtensibilityGlobals) = postSolution
		SolutionGuid = {2D8FBF87-1D6E-4B30-BD1C-651C47B653EF}
	EndGlobalSection
EndGlobal
