
Microsoft Visual Studio Solution File, Format Version 12.00
# Visual Studio 15
VisualStudioVersion = 15.0.28307.852
MinimumVisualStudioVersion = 10.0.40219.1
Project("{FAE04EC0-301F-11D3-BF4B-00C04F79EFBC}") = "Herencia1", "Herencia1\Herencia1.csproj", "{0970CD37-36C8-4742-81A9-BB279D103DCC}"
EndProject
Global
	GlobalSection(SolutionConfigurationPlatforms) = preSolution
		Debug|Any CPU = Debug|Any CPU
		Release|Any CPU = Release|Any CPU
	EndGlobalSection
	GlobalSection(ProjectConfigurationPlatforms) = postSolution
		{0970CD37-36C8-4742-81A9-BB279D103DCC}.Debug|Any CPU.ActiveCfg = Debug|Any CPU
		{0970CD37-36C8-4742-81A9-BB279D103DCC}.Debug|Any CPU.Build.0 = Debug|Any CPU
		{0970CD37-36C8-4742-81A9-BB279D103DCC}.Release|Any CPU.ActiveCfg = Release|Any CPU
		{0970CD37-36C8-4742-81A9-BB279D103DCC}.Release|Any CPU.Build.0 = Release|Any CPU
	EndGlobalSection
	GlobalSection(SolutionProperties) = preSolution
		HideSolutionNode = FALSE
	EndGlobalSection
	GlobalSection(ExtensibilityGlobals) = postSolution
		SolutionGuid = {B1823672-2141-4980-B6F0-76FB8FCF7087}
	EndGlobalSection
EndGlobal
