
Microsoft Visual Studio Solution File, Format Version 12.00
# Visual Studio 15
VisualStudioVersion = 15.0.27703.2026
MinimumVisualStudioVersion = 10.0.40219.1
Project("{FAE04EC0-301F-11D3-BF4B-00C04F79EFBC}") = "Manage_Store", "Manage_Store\Manage_Store.csproj", "{2EAA420D-DE37-4A53-9BF0-EBC673621FFE}"
EndProject
Global
	GlobalSection(SolutionConfigurationPlatforms) = preSolution
		Debug|Any CPU = Debug|Any CPU
		Release|Any CPU = Release|Any CPU
	EndGlobalSection
	GlobalSection(ProjectConfigurationPlatforms) = postSolution
		{2EAA420D-DE37-4A53-9BF0-EBC673621FFE}.Debug|Any CPU.ActiveCfg = Debug|Any CPU
		{2EAA420D-DE37-4A53-9BF0-EBC673621FFE}.Debug|Any CPU.Build.0 = Debug|Any CPU
		{2EAA420D-DE37-4A53-9BF0-EBC673621FFE}.Release|Any CPU.ActiveCfg = Release|Any CPU
		{2EAA420D-DE37-4A53-9BF0-EBC673621FFE}.Release|Any CPU.Build.0 = Release|Any CPU
	EndGlobalSection
	GlobalSection(SolutionProperties) = preSolution
		HideSolutionNode = FALSE
	EndGlobalSection
	GlobalSection(ExtensibilityGlobals) = postSolution
		SolutionGuid = {2D8FBF87-1D6E-4B30-BD1C-651C47B653EF}
	EndGlobalSection
EndGlobal
