
Microsoft Visual Studio Solution File, Format Version 12.00
# Visual Studio 15
VisualStudioVersion = 15.0.26430.15
MinimumVisualStudioVersion = 10.0.40219.1
Project("{FAE04EC0-301F-11D3-BF4B-00C04F79EFBC}") = "Decorator", "Structural\Decorator\Decorator.csproj", "{4A2222B8-5A32-4E9C-B5E0-5943AB2D02BC}"
EndProject
Global
	GlobalSection(SolutionConfigurationPlatforms) = preSolution
		Debug|Any CPU = Debug|Any CPU
		Release|Any CPU = Release|Any CPU
	EndGlobalSection
	GlobalSection(ProjectConfigurationPlatforms) = postSolution
		{3A7ECB44-A333-4A12-9F8A-924664414F49}.Debug|Any CPU.ActiveCfg = Debug|Any CPU
		{3A7ECB44-A333-4A12-9F8A-924664414F49}.Debug|Any CPU.Build.0 = Debug|Any CPU
		{3A7ECB44-A333-4A12-9F8A-924664414F49}.Release|Any CPU.ActiveCfg = Release|Any CPU
		{3A7ECB44-A333-4A12-9F8A-924664414F49}.Release|Any CPU.Build.0 = Release|Any CPU
		{46ED05A8-3CBC-43A5-AB6C-316D88BF3691}.Debug|Any CPU.ActiveCfg = Debug|Any CPU
		{46ED05A8-3CBC-43A5-AB6C-316D88BF3691}.Debug|Any CPU.Build.0 = Debug|Any CPU
		{46ED05A8-3CBC-43A5-AB6C-316D88BF3691}.Release|Any CPU.ActiveCfg = Release|Any CPU
		{46ED05A8-3CBC-43A5-AB6C-316D88BF3691}.Release|Any CPU.Build.0 = Release|Any CPU
		{44F639E6-3819-4872-8D31-943A873DB031}.Debug|Any CPU.ActiveCfg = Debug|Any CPU
		{44F639E6-3819-4872-8D31-943A873DB031}.Debug|Any CPU.Build.0 = Debug|Any CPU
		{44F639E6-3819-4872-8D31-943A873DB031}.Release|Any CPU.ActiveCfg = Release|Any CPU
		{44F639E6-3819-4872-8D31-943A873DB031}.Release|Any CPU.Build.0 = Release|Any CPU
		{9425B910-B914-49DA-B244-48104345F839}.Debug|Any CPU.ActiveCfg = Debug|Any CPU
		{9425B910-B914-49DA-B244-48104345F839}.Debug|Any CPU.Build.0 = Debug|Any CPU
		{9425B910-B914-49DA-B244-48104345F839}.Release|Any CPU.ActiveCfg = Release|Any CPU
		{9425B910-B914-49DA-B244-48104345F839}.Release|Any CPU.Build.0 = Release|Any CPU
		{03F25F6C-6549-4E0C-9126-EDBEA91BB476}.Debug|Any CPU.ActiveCfg = Debug|Any CPU
		{03F25F6C-6549-4E0C-9126-EDBEA91BB476}.Debug|Any CPU.Build.0 = Debug|Any CPU
		{03F25F6C-6549-4E0C-9126-EDBEA91BB476}.Release|Any CPU.ActiveCfg = Release|Any CPU
		{03F25F6C-6549-4E0C-9126-EDBEA91BB476}.Release|Any CPU.Build.0 = Release|Any CPU
		{4A2222B8-5A32-4E9C-B5E0-5943AB2D02BC}.Debug|Any CPU.ActiveCfg = Debug|Any CPU
		{4A2222B8-5A32-4E9C-B5E0-5943AB2D02BC}.Debug|Any CPU.Build.0 = Debug|Any CPU
		{4A2222B8-5A32-4E9C-B5E0-5943AB2D02BC}.Release|Any CPU.ActiveCfg = Release|Any CPU
		{4A2222B8-5A32-4E9C-B5E0-5943AB2D02BC}.Release|Any CPU.Build.0 = Release|Any CPU
		{007C02F9-5360-44B2-BA59-C9CD248DA13F}.Debug|Any CPU.ActiveCfg = Debug|Any CPU
		{007C02F9-5360-44B2-BA59-C9CD248DA13F}.Debug|Any CPU.Build.0 = Debug|Any CPU
		{007C02F9-5360-44B2-BA59-C9CD248DA13F}.Release|Any CPU.ActiveCfg = Release|Any CPU
		{007C02F9-5360-44B2-BA59-C9CD248DA13F}.Release|Any CPU.Build.0 = Release|Any CPU
		{7C9B6DEB-94D4-452F-A936-BA31B74BC374}.Debug|Any CPU.ActiveCfg = Debug|Any CPU
		{7C9B6DEB-94D4-452F-A936-BA31B74BC374}.Debug|Any CPU.Build.0 = Debug|Any CPU
		{7C9B6DEB-94D4-452F-A936-BA31B74BC374}.Release|Any CPU.ActiveCfg = Release|Any CPU
		{7C9B6DEB-94D4-452F-A936-BA31B74BC374}.Release|Any CPU.Build.0 = Release|Any CPU
		{71FB5B13-DC77-4124-8940-4C75D69FBC1E}.Debug|Any CPU.ActiveCfg = Debug|Any CPU
		{71FB5B13-DC77-4124-8940-4C75D69FBC1E}.Debug|Any CPU.Build.0 = Debug|Any CPU
		{71FB5B13-DC77-4124-8940-4C75D69FBC1E}.Release|Any CPU.ActiveCfg = Release|Any CPU
		{71FB5B13-DC77-4124-8940-4C75D69FBC1E}.Release|Any CPU.Build.0 = Release|Any CPU
		{EA1ECC34-2136-4D06-AAB4-9B66E42989C6}.Debug|Any CPU.ActiveCfg = Debug|Any CPU
		{EA1ECC34-2136-4D06-AAB4-9B66E42989C6}.Debug|Any CPU.Build.0 = Debug|Any CPU
		{EA1ECC34-2136-4D06-AAB4-9B66E42989C6}.Release|Any CPU.ActiveCfg = Release|Any CPU
		{EA1ECC34-2136-4D06-AAB4-9B66E42989C6}.Release|Any CPU.Build.0 = Release|Any CPU
	EndGlobalSection
	GlobalSection(SolutionProperties) = preSolution
		HideSolutionNode = FALSE
	EndGlobalSection
	GlobalSection(NestedProjects) = preSolution
		{3A7ECB44-A333-4A12-9F8A-924664414F49} = {57435215-464A-4EF1-9879-4DD4E3AB0B23}
		{46ED05A8-3CBC-43A5-AB6C-316D88BF3691} = {A9F03E35-1913-4957-8F3E-BDFF763FFEFC}
		{44F639E6-3819-4872-8D31-943A873DB031} = {A9F03E35-1913-4957-8F3E-BDFF763FFEFC}
		{9425B910-B914-49DA-B244-48104345F839} = {A9F03E35-1913-4957-8F3E-BDFF763FFEFC}
		{03F25F6C-6549-4E0C-9126-EDBEA91BB476} = {A9F03E35-1913-4957-8F3E-BDFF763FFEFC}
		{4A2222B8-5A32-4E9C-B5E0-5943AB2D02BC} = {B3D74B27-CE92-449A-90F9-76983470A74F}
		{007C02F9-5360-44B2-BA59-C9CD248DA13F} = {B3D74B27-CE92-449A-90F9-76983470A74F}
		{7C9B6DEB-94D4-452F-A936-BA31B74BC374} = {B3D74B27-CE92-449A-90F9-76983470A74F}
		{71FB5B13-DC77-4124-8940-4C75D69FBC1E} = {B3D74B27-CE92-449A-90F9-76983470A74F}
		{EA1ECC34-2136-4D06-AAB4-9B66E42989C6} = {57435215-464A-4EF1-9879-4DD4E3AB0B23}
	EndGlobalSection
	GlobalSection(ExtensibilityGlobals) = postSolution
		SolutionGuid = {B03C72A3-A52F-4C8F-90B1-D944C9813F9B}
	EndGlobalSection
EndGlobal
