
Microsoft Visual Studio Solution File, Format Version 12.00
# Visual Studio 15
VisualStudioVersion = 15.0.27703.2026
MinimumVisualStudioVersion = 10.0.40219.1
Project("{FAE04EC0-301F-11D3-BF4B-00C04F79EFBC}") = "MathTestWithNUnit", "MathTestWithNUnit\MathTestWithNUnit.csproj", "{B345CE95-F2C2-4345-9757-E717E888EEE4}"
EndProject
Project("{FAE04EC0-301F-11D3-BF4B-00C04F79EFBC}") = "MathUtils.Test", "MathUtils.Test\MathUtils.Test.csproj", "{A9F52B99-C92F-42C5-9F00-07E2DE7D3DA6}"
EndProject
Global
	GlobalSection(SolutionConfigurationPlatforms) = preSolution
		Debug|Any CPU = Debug|Any CPU
		Release|Any CPU = Release|Any CPU
	EndGlobalSection
	GlobalSection(ProjectConfigurationPlatforms) = postSolution
		{B345CE95-F2C2-4345-9757-E717E888EEE4}.Debug|Any CPU.ActiveCfg = Debug|Any CPU
		{B345CE95-F2C2-4345-9757-E717E888EEE4}.Debug|Any CPU.Build.0 = Debug|Any CPU
		{B345CE95-F2C2-4345-9757-E717E888EEE4}.Release|Any CPU.ActiveCfg = Release|Any CPU
		{B345CE95-F2C2-4345-9757-E717E888EEE4}.Release|Any CPU.Build.0 = Release|Any CPU
		{A9F52B99-C92F-42C5-9F00-07E2DE7D3DA6}.Debug|Any CPU.ActiveCfg = Debug|Any CPU
		{A9F52B99-C92F-42C5-9F00-07E2DE7D3DA6}.Debug|Any CPU.Build.0 = Debug|Any CPU
		{A9F52B99-C92F-42C5-9F00-07E2DE7D3DA6}.Release|Any CPU.ActiveCfg = Release|Any CPU
		{A9F52B99-C92F-42C5-9F00-07E2DE7D3DA6}.Release|Any CPU.Build.0 = Release|Any CPU
	EndGlobalSection
	GlobalSection(SolutionProperties) = preSolution
		HideSolutionNode = FALSE
	EndGlobalSection
	GlobalSection(ExtensibilityGlobals) = postSolution
		SolutionGuid = {64068AA3-AC88-4FFF-AE26-4A26F6F7DC02}
	EndGlobalSection
EndGlobal
