
Microsoft Visual Studio Solution File, Format Version 12.00
# Visual Studio 15
VisualStudioVersion = 15.0.28307.852
MinimumVisualStudioVersion = 10.0.40219.1
Project("{9A19103F-16F7-4668-BE54-9A1E7A4F7556}") = "RefactorController.Tests", "RefactorController.Tests\RefactorController.Tests.csproj", "{21312CFF-3E4C-42AA-8EBD-0ED7437F6615}"
EndProject
Project("{FAE04EC0-301F-11D3-BF4B-00C04F79EFBC}") = "RefactorStore", "RefactorStore\RefactorStore.csproj", "{AFBC1C5A-11FC-4706-9C8C-304DCEBF4874}"
EndProject
Global
	GlobalSection(SolutionConfigurationPlatforms) = preSolution
		Debug|Any CPU = Debug|Any CPU
		Release|Any CPU = Release|Any CPU
	EndGlobalSection
	GlobalSection(ProjectConfigurationPlatforms) = postSolution
		{21312CFF-3E4C-42AA-8EBD-0ED7437F6615}.Debug|Any CPU.ActiveCfg = Debug|Any CPU
		{21312CFF-3E4C-42AA-8EBD-0ED7437F6615}.Debug|Any CPU.Build.0 = Debug|Any CPU
		{21312CFF-3E4C-42AA-8EBD-0ED7437F6615}.Release|Any CPU.ActiveCfg = Release|Any CPU
		{21312CFF-3E4C-42AA-8EBD-0ED7437F6615}.Release|Any CPU.Build.0 = Release|Any CPU
		{AFBC1C5A-11FC-4706-9C8C-304DCEBF4874}.Debug|Any CPU.ActiveCfg = Debug|Any CPU
		{AFBC1C5A-11FC-4706-9C8C-304DCEBF4874}.Debug|Any CPU.Build.0 = Debug|Any CPU
		{AFBC1C5A-11FC-4706-9C8C-304DCEBF4874}.Release|Any CPU.ActiveCfg = Release|Any CPU
		{AFBC1C5A-11FC-4706-9C8C-304DCEBF4874}.Release|Any CPU.Build.0 = Release|Any CPU
	EndGlobalSection
	GlobalSection(SolutionProperties) = preSolution
		HideSolutionNode = FALSE
	EndGlobalSection
	GlobalSection(ExtensibilityGlobals) = postSolution
		SolutionGuid = {8ADA697B-8C90-4FE6-BEFC-5F5754BE0A36}
	EndGlobalSection
EndGlobal
