
Microsoft Visual Studio Solution File, Format Version 12.00
# Visual Studio 15
Project("{FAE04EC0-301F-11D3-BF4B-00C04F79EFBC}") = "Fundamentos", "Fundamentos\Fundamentos.csproj", "{DA451790-EB8E-4BE8-9AF9-E111A62939DD}"
EndProject
Global
	GlobalSection(SolutionConfigurationPlatforms) = preSolution
		Debug|anycpu = Debug|anycpu
		Release|anycpu = Release|anycpu
	EndGlobalSection
	GlobalSection(ProjectConfigurationPlatforms) = postSolution
		{DA451790-EB8E-4BE8-9AF9-E111A62939DD}.Debug|anycpu.ActiveCfg = Debug|anycpu
		{DA451790-EB8E-4BE8-9AF9-E111A62939DD}.Debug|anycpu.Build.0 = Debug|anycpu
		{DA451790-EB8E-4BE8-9AF9-E111A62939DD}.Release|anycpu.ActiveCfg = Release|anycpu
		{DA451790-EB8E-4BE8-9AF9-E111A62939DD}.Release|anycpu.Build.0 = Release|anycpu
	EndGlobalSection
EndGlobal
